{
	"name": "next-preact",
	"version": "0.0.3",
	"lockfileVersion": 1,
	"requires": true,
	"dependencies": {
		"@bem-react/classname": {
			"version": "1.5.6",
			"resolved": "https://registry.npmjs.org/@bem-react/classname/-/classname-1.5.6.tgz",
			"integrity": "sha512-Fq8dzuJHUKAUt/FtBM04ibzN1iahSo7FJCfdqG9mxiu5K/LdZgFCeaRgF68vv0jmr9+WtR1h0IMz1vypQgnigQ=="
		},
		"@bem-react/classnames": {
			"version": "1.3.7",
			"resolved": "https://registry.npmjs.org/@bem-react/classnames/-/classnames-1.3.7.tgz",
			"integrity": "sha512-MyX+Jt4Z3q8sBq77af5wnN4O19uRD7ZdA8S5+yNDfsPS1cb44+208hrtKINVDQp+CrBgq6CFSEgLURHo/s7whg=="
		},
		"@bem-react/core": {
			"version": "2.0.6",
			"resolved": "https://registry.npmjs.org/@bem-react/core/-/core-2.0.6.tgz",
			"integrity": "sha512-G0BN4zI8u1YWZ6ZEO0rPiJrD+ZpMugnUuLOqHSY6OU1rhV6Np6FsxKmWquZKu3n6E+PK2ECB5uQKWi8HwyiIqw==",
			"requires": {
				"@bem-react/classname": "1.5.6",
				"@bem-react/classnames": "1.3.7"
			}
		},
		"@bem-react/di": {
			"version": "2.0.4",
			"resolved": "https://registry.npmjs.org/@bem-react/di/-/di-2.0.4.tgz",
			"integrity": "sha512-YU9dlL7ijmXMc0B5OmZcaa0HkfTewhhbD9I+OolkEHJOxbAaQ/DOUUNLlBSlMIWBayluswd2kq6jLFEhm87JGQ=="
		}
	}
}
